// !$*UTF8*$!
{
	archiveVersion = 1;
	classes = {
	};
	objectVersion = 56;
	objects = {

/* Begin PBXBuildFile section */
		503653DF2D6B7C0D007BD544 /* SignUpStepOne.swift in Sources */ = {isa = PBXBuildFile; fileRef = 503653DE2D6B7C0D007BD544 /* SignUpStepOne.swift */; };
		503653E12D6B7C39007BD544 /* SignUpStepTwo.swift in Sources */ = {isa = PBXBuildFile; fileRef = 503653E02D6B7C39007BD544 /* SignUpStepTwo.swift */; };
		503653E32D6B7C49007BD544 /* LoginView.swift in Sources */ = {isa = PBXBuildFile; fileRef = 503653E22D6B7C49007BD544 /* LoginView.swift */; };
		D50B4A4F2D6CEAC900823625 /* Profile.swift in Sources */ = {isa = PBXBuildFile; fileRef = D50B4A4E2D6CEAC900823625 /* Profile.swift */; };
		D50B4A512D6F02A800823625 /* ClubActivities.swift in Sources */ = {isa = PBXBuildFile; fileRef = D50B4A502D6F02A800823625 /* ClubActivities.swift */; };
		D542838C2D6CD94F00F03006 /* Dashboard.swift in Sources */ = {isa = PBXBuildFile; fileRef = D542838B2D6CD94F00F03006 /* Dashboard.swift */; };
		D5B90CC82D5DE0E100EAD9D2 /* ios_campus_cwApp.swift in Sources */ = {isa = PBXBuildFile; fileRef = D5B90CC72D5DE0E100EAD9D2 /* ios_campus_cwApp.swift */; };
		D5B90CCA2D5DE0E100EAD9D2 /* ContentView.swift in Sources */ = {isa = PBXBuildFile; fileRef = D5B90CC92D5DE0E100EAD9D2 /* ContentView.swift */; };
		D5B90CCC2D5DE0E600EAD9D2 /* Assets.xcassets in Resources */ = {isa = PBXBuildFile; fileRef = D5B90CCB2D5DE0E600EAD9D2 /* Assets.xcassets */; };
		D5B90CCF2D5DE0E700EAD9D2 /* Preview Assets.xcassets in Resources */ = {isa = PBXBuildFile; fileRef = D5B90CCE2D5DE0E700EAD9D2 /* Preview Assets.xcassets */; };
		D5B90CD92D5DE0E700EAD9D2 /* ios_campus_cwTests.swift in Sources */ = {isa = PBXBuildFile; fileRef = D5B90CD82D5DE0E700EAD9D2 /* ios_campus_cwTests.swift */; };
		D5B90CE32D5DE0E700EAD9D2 /* ios_campus_cwUITests.swift in Sources */ = {isa = PBXBuildFile; fileRef = D5B90CE22D5DE0E700EAD9D2 /* ios_campus_cwUITests.swift */; };
		D5B90CE52D5DE0E700EAD9D2 /* ios_campus_cwUITestsLaunchTests.swift in Sources */ = {isa = PBXBuildFile; fileRef = D5B90CE42D5DE0E700EAD9D2 /* ios_campus_cwUITestsLaunchTests.swift */; };
		EB49652F2D6CE888009DFFBC /* NotificationView.swift in Sources */ = {isa = PBXBuildFile; fileRef = EB49652E2D6CE888009DFFBC /* NotificationView.swift */; };
		EB4965312D6E171E009DFFBC /* LectureScheduleView.swift in Sources */ = {isa = PBXBuildFile; fileRef = EB4965302D6E1712009DFFBC /* LectureScheduleView.swift */; };
		EB5AEDE42D6F613D00C0D991 /* DiscoveryView.swift in Sources */ = {isa = PBXBuildFile; fileRef = EB5AEDE32D6F612700C0D991 /* DiscoveryView.swift */; };
/* End PBXBuildFile section */

/* Begin PBXContainerItemProxy section */
		D5B90CD52D5DE0E700EAD9D2 /* PBXContainerItemProxy */ = {
			isa = PBXContainerItemProxy;
			containerPortal = D5B90CBC2D5DE0E100EAD9D2 /* Project object */;
			proxyType = 1;
			remoteGlobalIDString = D5B90CC32D5DE0E100EAD9D2;
			remoteInfo = "ios-campus-cw";
		};
		D5B90CDF2D5DE0E700EAD9D2 /* PBXContainerItemProxy */ = {
			isa = PBXContainerItemProxy;
			containerPortal = D5B90CBC2D5DE0E100EAD9D2 /* Project object */;
			proxyType = 1;
			remoteGlobalIDString = D5B90CC32D5DE0E100EAD9D2;
			remoteInfo = "ios-campus-cw";
		};
/* End PBXContainerItemProxy section */

/* Begin PBXFileReference section */
		503653DE2D6B7C0D007BD544 /* SignUpStepOne.swift */ = {isa = PBXFileReference; lastKnownFileType = sourcecode.swift; path = SignUpStepOne.swift; sourceTree = "<group>"; };
		503653E02D6B7C39007BD544 /* SignUpStepTwo.swift */ = {isa = PBXFileReference; lastKnownFileType = sourcecode.swift; path = SignUpStepTwo.swift; sourceTree = "<group>"; };
		503653E22D6B7C49007BD544 /* LoginView.swift */ = {isa = PBXFileReference; lastKnownFileType = sourcecode.swift; path = LoginView.swift; sourceTree = "<group>"; };
		D50B4A4E2D6CEAC900823625 /* Profile.swift */ = {isa = PBXFileReference; lastKnownFileType = sourcecode.swift; path = Profile.swift; sourceTree = "<group>"; };
		D50B4A502D6F02A800823625 /* ClubActivities.swift */ = {isa = PBXFileReference; lastKnownFileType = sourcecode.swift; path = ClubActivities.swift; sourceTree = "<group>"; };
		D542838B2D6CD94F00F03006 /* Dashboard.swift */ = {isa = PBXFileReference; lastKnownFileType = sourcecode.swift; path = Dashboard.swift; sourceTree = "<group>"; };
		D5B90CC42D5DE0E100EAD9D2 /* ios-campus-cw.app */ = {isa = PBXFileReference; explicitFileType = wrapper.application; includeInIndex = 0; path = "ios-campus-cw.app"; sourceTree = BUILT_PRODUCTS_DIR; };
		D5B90CC72D5DE0E100EAD9D2 /* ios_campus_cwApp.swift */ = {isa = PBXFileReference; lastKnownFileType = sourcecode.swift; path = ios_campus_cwApp.swift; sourceTree = "<group>"; };
		D5B90CC92D5DE0E100EAD9D2 /* ContentView.swift */ = {isa = PBXFileReference; lastKnownFileType = sourcecode.swift; path = ContentView.swift; sourceTree = "<group>"; };
		D5B90CCB2D5DE0E600EAD9D2 /* Assets.xcassets */ = {isa = PBXFileReference; lastKnownFileType = folder.assetcatalog; path = Assets.xcassets; sourceTree = "<group>"; };
		D5B90CCE2D5DE0E700EAD9D2 /* Preview Assets.xcassets */ = {isa = PBXFileReference; lastKnownFileType = folder.assetcatalog; path = "Preview Assets.xcassets"; sourceTree = "<group>"; };
		D5B90CD42D5DE0E700EAD9D2 /* ios-campus-cwTests.xctest */ = {isa = PBXFileReference; explicitFileType = wrapper.cfbundle; includeInIndex = 0; path = "ios-campus-cwTests.xctest"; sourceTree = BUILT_PRODUCTS_DIR; };
		D5B90CD82D5DE0E700EAD9D2 /* ios_campus_cwTests.swift */ = {isa = PBXFileReference; lastKnownFileType = sourcecode.swift; path = ios_campus_cwTests.swift; sourceTree = "<group>"; };
		D5B90CDE2D5DE0E700EAD9D2 /* ios-campus-cwUITests.xctest */ = {isa = PBXFileReference; explicitFileType = wrapper.cfbundle; includeInIndex = 0; path = "ios-campus-cwUITests.xctest"; sourceTree = BUILT_PRODUCTS_DIR; };
		D5B90CE22D5DE0E700EAD9D2 /* ios_campus_cwUITests.swift */ = {isa = PBXFileReference; lastKnownFileType = sourcecode.swift; path = ios_campus_cwUITests.swift; sourceTree = "<group>"; };
		D5B90CE42D5DE0E700EAD9D2 /* ios_campus_cwUITestsLaunchTests.swift */ = {isa = PBXFileReference; lastKnownFileType = sourcecode.swift; path = ios_campus_cwUITestsLaunchTests.swift; sourceTree = "<group>"; };
		EB49652E2D6CE888009DFFBC /* NotificationView.swift */ = {isa = PBXFileReference; lastKnownFileType = sourcecode.swift; path = NotificationView.swift; sourceTree = "<group>"; };
		EB4965302D6E1712009DFFBC /* LectureScheduleView.swift */ = {isa = PBXFileReference; lastKnownFileType = sourcecode.swift; path = LectureScheduleView.swift; sourceTree = "<group>"; };
		EB5AEDE32D6F612700C0D991 /* DiscoveryView.swift */ = {isa = PBXFileReference; lastKnownFileType = sourcecode.swift; path = DiscoveryView.swift; sourceTree = "<group>"; };
/* End PBXFileReference section */

/* Begin PBXFrameworksBuildPhase section */
		D5B90CC12D5DE0E100EAD9D2 /* Frameworks */ = {
			isa = PBXFrameworksBuildPhase;
			buildActionMask = 2147483647;
			files = (
			);
			runOnlyForDeploymentPostprocessing = 0;
		};
		D5B90CD12D5DE0E700EAD9D2 /* Frameworks */ = {
			isa = PBXFrameworksBuildPhase;
			buildActionMask = 2147483647;
			files = (
			);
			runOnlyForDeploymentPostprocessing = 0;
		};
		D5B90CDB2D5DE0E700EAD9D2 /* Frameworks */ = {
			isa = PBXFrameworksBuildPhase;
			buildActionMask = 2147483647;
			files = (
			);
			runOnlyForDeploymentPostprocessing = 0;
		};
/* End PBXFrameworksBuildPhase section */

/* Begin PBXGroup section */
		D5B90CBB2D5DE0E100EAD9D2 = {
			isa = PBXGroup;
			children = (
				D5B90CC62D5DE0E100EAD9D2 /* ios-campus-cw */,
				D5B90CD72D5DE0E700EAD9D2 /* ios-campus-cwTests */,
				D5B90CE12D5DE0E700EAD9D2 /* ios-campus-cwUITests */,
				D5B90CC52D5DE0E100EAD9D2 /* Products */,
			);
			sourceTree = "<group>";
		};
		D5B90CC52D5DE0E100EAD9D2 /* Products */ = {
			isa = PBXGroup;
			children = (
				D5B90CC42D5DE0E100EAD9D2 /* ios-campus-cw.app */,
				D5B90CD42D5DE0E700EAD9D2 /* ios-campus-cwTests.xctest */,
				D5B90CDE2D5DE0E700EAD9D2 /* ios-campus-cwUITests.xctest */,
			);
			name = Products;
			sourceTree = "<group>";
		};
		D5B90CC62D5DE0E100EAD9D2 /* ios-campus-cw */ = {
			isa = PBXGroup;
			children = (
				EB5AEDE32D6F612700C0D991 /* DiscoveryView.swift */,
				EB4965302D6E1712009DFFBC /* LectureScheduleView.swift */,
				EB49652E2D6CE888009DFFBC /* NotificationView.swift */,
				503653E22D6B7C49007BD544 /* LoginView.swift */,
				D542838B2D6CD94F00F03006 /* Dashboard.swift */,
				503653E02D6B7C39007BD544 /* SignUpStepTwo.swift */,
				D5B90CC72D5DE0E100EAD9D2 /* ios_campus_cwApp.swift */,
				D5B90CC92D5DE0E100EAD9D2 /* ContentView.swift */,
				503653DE2D6B7C0D007BD544 /* SignUpStepOne.swift */,
				D50B4A4E2D6CEAC900823625 /* Profile.swift */,
				D50B4A502D6F02A800823625 /* ClubActivities.swift */,
				D5B90CCB2D5DE0E600EAD9D2 /* Assets.xcassets */,
				D5B90CCD2D5DE0E700EAD9D2 /* Preview Content */,
			);
			path = "ios-campus-cw";
			sourceTree = "<group>";
		};
		D5B90CCD2D5DE0E700EAD9D2 /* Preview Content */ = {
			isa = PBXGroup;
			children = (
				D5B90CCE2D5DE0E700EAD9D2 /* Preview Assets.xcassets */,
			);
			path = "Preview Content";
			sourceTree = "<group>";
		};
		D5B90CD72D5DE0E700EAD9D2 /* ios-campus-cwTests */ = {
			isa = PBXGroup;
			children = (
				D5B90CD82D5DE0E700EAD9D2 /* ios_campus_cwTests.swift */,
			);
			path = "ios-campus-cwTests";
			sourceTree = "<group>";
		};
		D5B90CE12D5DE0E700EAD9D2 /* ios-campus-cwUITests */ = {
			isa = PBXGroup;
			children = (
				D5B90CE22D5DE0E700EAD9D2 /* ios_campus_cwUITests.swift */,
				D5B90CE42D5DE0E700EAD9D2 /* ios_campus_cwUITestsLaunchTests.swift */,
			);
			path = "ios-campus-cwUITests";
			sourceTree = "<group>";
		};
/* End PBXGroup section */

/* Begin PBXNativeTarget section */
		D5B90CC32D5DE0E100EAD9D2 /* ios-campus-cw */ = {
			isa = PBXNativeTarget;
			buildConfigurationList = D5B90CE82D5DE0E700EAD9D2 /* Build configuration list for PBXNativeTarget "ios-campus-cw" */;
			buildPhases = (
				D5B90CC02D5DE0E100EAD9D2 /* Sources */,
				D5B90CC12D5DE0E100EAD9D2 /* Frameworks */,
				D5B90CC22D5DE0E100EAD9D2 /* Resources */,
			);
			buildRules = (
			);
			dependencies = (
			);
			name = "ios-campus-cw";
			productName = "ios-campus-cw";
			productReference = D5B90CC42D5DE0E100EAD9D2 /* ios-campus-cw.app */;
			productType = "com.apple.product-type.application";
		};
		D5B90CD32D5DE0E700EAD9D2 /* ios-campus-cwTests */ = {
			isa = PBXNativeTarget;
			buildConfigurationList = D5B90CEB2D5DE0E700EAD9D2 /* Build configuration list for PBXNativeTarget "ios-campus-cwTests" */;
			buildPhases = (
				D5B90CD02D5DE0E700EAD9D2 /* Sources */,
				D5B90CD12D5DE0E700EAD9D2 /* Frameworks */,
				D5B90CD22D5DE0E700EAD9D2 /* Resources */,
			);
			buildRules = (
			);
			dependencies = (
				D5B90CD62D5DE0E700EAD9D2 /* PBXTargetDependency */,
			);
			name = "ios-campus-cwTests";
			productName = "ios-campus-cwTests";
			productReference = D5B90CD42D5DE0E700EAD9D2 /* ios-campus-cwTests.xctest */;
			productType = "com.apple.product-type.bundle.unit-test";
		};
		D5B90CDD2D5DE0E700EAD9D2 /* ios-campus-cwUITests */ = {
			isa = PBXNativeTarget;
			buildConfigurationList = D5B90CEE2D5DE0E700EAD9D2 /* Build configuration list for PBXNativeTarget "ios-campus-cwUITests" */;
			buildPhases = (
				D5B90CDA2D5DE0E700EAD9D2 /* Sources */,
				D5B90CDB2D5DE0E700EAD9D2 /* Frameworks */,
				D5B90CDC2D5DE0E700EAD9D2 /* Resources */,
			);
			buildRules = (
			);
			dependencies = (
				D5B90CE02D5DE0E700EAD9D2 /* PBXTargetDependency */,
			);
			name = "ios-campus-cwUITests";
			productName = "ios-campus-cwUITests";
			productReference = D5B90CDE2D5DE0E700EAD9D2 /* ios-campus-cwUITests.xctest */;
			productType = "com.apple.product-type.bundle.ui-testing";
		};
/* End PBXNativeTarget section */

/* Begin PBXProject section */
		D5B90CBC2D5DE0E100EAD9D2 /* Project object */ = {
			isa = PBXProject;
			attributes = {
				BuildIndependentTargetsInParallel = 1;
				LastSwiftUpdateCheck = 1430;
				LastUpgradeCheck = 1430;
				TargetAttributes = {
					D5B90CC32D5DE0E100EAD9D2 = {
						CreatedOnToolsVersion = 14.3.1;
					};
					D5B90CD32D5DE0E700EAD9D2 = {
						CreatedOnToolsVersion = 14.3.1;
						TestTargetID = D5B90CC32D5DE0E100EAD9D2;
					};
					D5B90CDD2D5DE0E700EAD9D2 = {
						CreatedOnToolsVersion = 14.3.1;
						TestTargetID = D5B90CC32D5DE0E100EAD9D2;
					};
				};
			};
			buildConfigurationList = D5B90CBF2D5DE0E100EAD9D2 /* Build configuration list for PBXProject "ios-campus-cw" */;
			compatibilityVersion = "Xcode 14.0";
			developmentRegion = en;
			hasScannedForEncodings = 0;
			knownRegions = (
				en,
				Base,
			);
			mainGroup = D5B90CBB2D5DE0E100EAD9D2;
			productRefGroup = D5B90CC52D5DE0E100EAD9D2 /* Products */;
			projectDirPath = "";
			projectRoot = "";
			targets = (
				D5B90CC32D5DE0E100EAD9D2 /* ios-campus-cw */,
				D5B90CD32D5DE0E700EAD9D2 /* ios-campus-cwTests */,
				D5B90CDD2D5DE0E700EAD9D2 /* ios-campus-cwUITests */,
			);
		};
/* End PBXProject section */

/* Begin PBXResourcesBuildPhase section */
		D5B90CC22D5DE0E100EAD9D2 /* Resources */ = {
			isa = PBXResourcesBuildPhase;
			buildActionMask = 2147483647;
			files = (
				D5B90CCF2D5DE0E700EAD9D2 /* Preview Assets.xcassets in Resources */,
				D5B90CCC2D5DE0E600EAD9D2 /* Assets.xcassets in Resources */,
			);
			runOnlyForDeploymentPostprocessing = 0;
		};
		D5B90CD22D5DE0E700EAD9D2 /* Resources */ = {
			isa = PBXResourcesBuildPhase;
			buildActionMask = 2147483647;
			files = (
			);
			runOnlyForDeploymentPostprocessing = 0;
		};
		D5B90CDC2D5DE0E700EAD9D2 /* Resources */ = {
			isa = PBXResourcesBuildPhase;
			buildActionMask = 2147483647;
			files = (
			);
			runOnlyForDeploymentPostprocessing = 0;
		};
/* End PBXResourcesBuildPhase section */

/* Begin PBXSourcesBuildPhase section */
		D5B90CC02D5DE0E100EAD9D2 /* Sources */ = {
			isa = PBXSourcesBuildPhase;
			buildActionMask = 2147483647;
			files = (
				EB4965312D6E171E009DFFBC /* LectureScheduleView.swift in Sources */,
				503653DF2D6B7C0D007BD544 /* SignUpStepOne.swift in Sources */,
				D5B90CCA2D5DE0E100EAD9D2 /* ContentView.swift in Sources */,
				EB49652F2D6CE888009DFFBC /* NotificationView.swift in Sources */,
				D50B4A512D6F02A800823625 /* ClubActivities.swift in Sources */,

				503653E12D6B7C39007BD544 /* SignUpStepTwo.swift in Sources */,
				D50B4A4F2D6CEAC900823625 /* Profile.swift in Sources */,
				503653E32D6B7C49007BD544 /* LoginView.swift in Sources */,
				D542838C2D6CD94F00F03006 /* Dashboard.swift in Sources */,
				EB5AEDE42D6F613D00C0D991 /* DiscoveryView.swift in Sources */,
				D5B90CC82D5DE0E100EAD9D2 /* ios_campus_cwApp.swift in Sources */,
			);
			runOnlyForDeploymentPostprocessing = 0;
		};
		D5B90CD02D5DE0E700EAD9D2 /* Sources */ = {
			isa = PBXSourcesBuildPhase;
			buildActionMask = 2147483647;
			files = (
				D5B90CD92D5DE0E700EAD9D2 /* ios_campus_cwTests.swift in Sources */,
			);
			runOnlyForDeploymentPostprocessing = 0;
		};
		D5B90CDA2D5DE0E700EAD9D2 /* Sources */ = {
			isa = PBXSourcesBuildPhase;
			buildActionMask = 2147483647;
			files = (
				D5B90CE32D5DE0E700EAD9D2 /* ios_campus_cwUITests.swift in Sources */,
				D5B90CE52D5DE0E700EAD9D2 /* ios_campus_cwUITestsLaunchTests.swift in Sources */,
			);
			runOnlyForDeploymentPostprocessing = 0;
		};
/* End PBXSourcesBuildPhase section */

/* Begin PBXTargetDependency section */
		D5B90CD62D5DE0E700EAD9D2 /* PBXTargetDependency */ = {
			isa = PBXTargetDependency;
			target = D5B90CC32D5DE0E100EAD9D2 /* ios-campus-cw */;
			targetProxy = D5B90CD52D5DE0E700EAD9D2 /* PBXContainerItemProxy */;
		};
		D5B90CE02D5DE0E700EAD9D2 /* PBXTargetDependency */ = {
			isa = PBXTargetDependency;
			target = D5B90CC32D5DE0E100EAD9D2 /* ios-campus-cw */;
			targetProxy = D5B90CDF2D5DE0E700EAD9D2 /* PBXContainerItemProxy */;
		};
/* End PBXTargetDependency section */

/* Begin XCBuildConfiguration section */
		D5B90CE62D5DE0E700EAD9D2 /* Debug */ = {
			isa = XCBuildConfiguration;
			buildSettings = {
				ALWAYS_SEARCH_USER_PATHS = NO;
				CLANG_ANALYZER_NONNULL = YES;
				CLANG_ANALYZER_NUMBER_OBJECT_CONVERSION = YES_AGGRESSIVE;
				CLANG_CXX_LANGUAGE_STANDARD = "gnu++20";
				CLANG_ENABLE_MODULES = YES;
				CLANG_ENABLE_OBJC_ARC = YES;
				CLANG_ENABLE_OBJC_WEAK = YES;
				CLANG_WARN_BLOCK_CAPTURE_AUTORELEASING = YES;
				CLANG_WARN_BOOL_CONVERSION = YES;
				CLANG_WARN_COMMA = YES;
				CLANG_WARN_CONSTANT_CONVERSION = YES;
				CLANG_WARN_DEPRECATED_OBJC_IMPLEMENTATIONS = YES;
				CLANG_WARN_DIRECT_OBJC_ISA_USAGE = YES_ERROR;
				CLANG_WARN_DOCUMENTATION_COMMENTS = YES;
				CLANG_WARN_EMPTY_BODY = YES;
				CLANG_WARN_ENUM_CONVERSION = YES;
				CLANG_WARN_INFINITE_RECURSION = YES;
				CLANG_WARN_INT_CONVERSION = YES;
				CLANG_WARN_NON_LITERAL_NULL_CONVERSION = YES;
				CLANG_WARN_OBJC_IMPLICIT_RETAIN_SELF = YES;
				CLANG_WARN_OBJC_LITERAL_CONVERSION = YES;
				CLANG_WARN_OBJC_ROOT_CLASS = YES_ERROR;
				CLANG_WARN_QUOTED_INCLUDE_IN_FRAMEWORK_HEADER = YES;
				CLANG_WARN_RANGE_LOOP_ANALYSIS = YES;
				CLANG_WARN_STRICT_PROTOTYPES = YES;
				CLANG_WARN_SUSPICIOUS_MOVE = YES;
				CLANG_WARN_UNGUARDED_AVAILABILITY = YES_AGGRESSIVE;
				CLANG_WARN_UNREACHABLE_CODE = YES;
				CLANG_WARN__DUPLICATE_METHOD_MATCH = YES;
				COPY_PHASE_STRIP = NO;
				DEBUG_INFORMATION_FORMAT = dwarf;
				ENABLE_STRICT_OBJC_MSGSEND = YES;
				ENABLE_TESTABILITY = YES;
				GCC_C_LANGUAGE_STANDARD = gnu11;
				GCC_DYNAMIC_NO_PIC = NO;
				GCC_NO_COMMON_BLOCKS = YES;
				GCC_OPTIMIZATION_LEVEL = 0;
				GCC_PREPROCESSOR_DEFINITIONS = (
					"DEBUG=1",
					"$(inherited)",
				);
				GCC_WARN_64_TO_32_BIT_CONVERSION = YES;
				GCC_WARN_ABOUT_RETURN_TYPE = YES_ERROR;
				GCC_WARN_UNDECLARED_SELECTOR = YES;
				GCC_WARN_UNINITIALIZED_AUTOS = YES_AGGRESSIVE;
				GCC_WARN_UNUSED_FUNCTION = YES;
				GCC_WARN_UNUSED_VARIABLE = YES;
				IPHONEOS_DEPLOYMENT_TARGET = 16.4;
				MTL_ENABLE_DEBUG_INFO = INCLUDE_SOURCE;
				MTL_FAST_MATH = YES;
				ONLY_ACTIVE_ARCH = YES;
				SDKROOT = iphoneos;
				SWIFT_ACTIVE_COMPILATION_CONDITIONS = DEBUG;
				SWIFT_OPTIMIZATION_LEVEL = "-Onone";
			};
			name = Debug;
		};
		D5B90CE72D5DE0E700EAD9D2 /* Release */ = {
			isa = XCBuildConfiguration;
			buildSettings = {
				ALWAYS_SEARCH_USER_PATHS = NO;
				CLANG_ANALYZER_NONNULL = YES;
				CLANG_ANALYZER_NUMBER_OBJECT_CONVERSION = YES_AGGRESSIVE;
				CLANG_CXX_LANGUAGE_STANDARD = "gnu++20";
				CLANG_ENABLE_MODULES = YES;
				CLANG_ENABLE_OBJC_ARC = YES;
				CLANG_ENABLE_OBJC_WEAK = YES;
				CLANG_WARN_BLOCK_CAPTURE_AUTORELEASING = YES;
				CLANG_WARN_BOOL_CONVERSION = YES;
				CLANG_WARN_COMMA = YES;
				CLANG_WARN_CONSTANT_CONVERSION = YES;
				CLANG_WARN_DEPRECATED_OBJC_IMPLEMENTATIONS = YES;
				CLANG_WARN_DIRECT_OBJC_ISA_USAGE = YES_ERROR;
				CLANG_WARN_DOCUMENTATION_COMMENTS = YES;
				CLANG_WARN_EMPTY_BODY = YES;
				CLANG_WARN_ENUM_CONVERSION = YES;
				CLANG_WARN_INFINITE_RECURSION = YES;
				CLANG_WARN_INT_CONVERSION = YES;
				CLANG_WARN_NON_LITERAL_NULL_CONVERSION = YES;
				CLANG_WARN_OBJC_IMPLICIT_RETAIN_SELF = YES;
				CLANG_WARN_OBJC_LITERAL_CONVERSION = YES;
				CLANG_WARN_OBJC_ROOT_CLASS = YES_ERROR;
				CLANG_WARN_QUOTED_INCLUDE_IN_FRAMEWORK_HEADER = YES;
				CLANG_WARN_RANGE_LOOP_ANALYSIS = YES;
				CLANG_WARN_STRICT_PROTOTYPES = YES;
				CLANG_WARN_SUSPICIOUS_MOVE = YES;
				CLANG_WARN_UNGUARDED_AVAILABILITY = YES_AGGRESSIVE;
				CLANG_WARN_UNREACHABLE_CODE = YES;
				CLANG_WARN__DUPLICATE_METHOD_MATCH = YES;
				COPY_PHASE_STRIP = NO;
				DEBUG_INFORMATION_FORMAT = "dwarf-with-dsym";
				ENABLE_NS_ASSERTIONS = NO;
				ENABLE_STRICT_OBJC_MSGSEND = YES;
				GCC_C_LANGUAGE_STANDARD = gnu11;
				GCC_NO_COMMON_BLOCKS = YES;
				GCC_WARN_64_TO_32_BIT_CONVERSION = YES;
				GCC_WARN_ABOUT_RETURN_TYPE = YES_ERROR;
				GCC_WARN_UNDECLARED_SELECTOR = YES;
				GCC_WARN_UNINITIALIZED_AUTOS = YES_AGGRESSIVE;
				GCC_WARN_UNUSED_FUNCTION = YES;
				GCC_WARN_UNUSED_VARIABLE = YES;
				IPHONEOS_DEPLOYMENT_TARGET = 16.4;
				MTL_ENABLE_DEBUG_INFO = NO;
				MTL_FAST_MATH = YES;
				SDKROOT = iphoneos;
				SWIFT_COMPILATION_MODE = wholemodule;
				SWIFT_OPTIMIZATION_LEVEL = "-O";
				VALIDATE_PRODUCT = YES;
			};
			name = Release;
		};
		D5B90CE92D5DE0E700EAD9D2 /* Debug */ = {
			isa = XCBuildConfiguration;
			buildSettings = {
				ASSETCATALOG_COMPILER_APPICON_NAME = AppIcon;
				ASSETCATALOG_COMPILER_GLOBAL_ACCENT_COLOR_NAME = AccentColor;
				CODE_SIGN_STYLE = Automatic;
				CURRENT_PROJECT_VERSION = 1;
				DEVELOPMENT_ASSET_PATHS = "\"ios-campus-cw/Preview Content\"";
				ENABLE_PREVIEWS = YES;
				GENERATE_INFOPLIST_FILE = YES;
				INFOPLIST_KEY_UIApplicationSceneManifest_Generation = YES;
				INFOPLIST_KEY_UIApplicationSupportsIndirectInputEvents = YES;
				INFOPLIST_KEY_UILaunchScreen_Generation = YES;
				INFOPLIST_KEY_UISupportedInterfaceOrientations_iPad = "UIInterfaceOrientationPortrait UIInterfaceOrientationPortraitUpsideDown UIInterfaceOrientationLandscapeLeft UIInterfaceOrientationLandscapeRight";
				INFOPLIST_KEY_UISupportedInterfaceOrientations_iPhone = "UIInterfaceOrientationPortrait UIInterfaceOrientationLandscapeLeft UIInterfaceOrientationLandscapeRight";
				LD_RUNPATH_SEARCH_PATHS = (
					"$(inherited)",
					"@executable_path/Frameworks",
				);
				MARKETING_VERSION = 1.0;
				PRODUCT_BUNDLE_IDENTIFIER = "T.ios-campus-cw";
				PRODUCT_NAME = "$(TARGET_NAME)";
				SWIFT_EMIT_LOC_STRINGS = YES;
				SWIFT_VERSION = 5.0;
				TARGETED_DEVICE_FAMILY = "1,2";
			};
			name = Debug;
		};
		D5B90CEA2D5DE0E700EAD9D2 /* Release */ = {
			isa = XCBuildConfiguration;
			buildSettings = {
				ASSETCATALOG_COMPILER_APPICON_NAME = AppIcon;
				ASSETCATALOG_COMPILER_GLOBAL_ACCENT_COLOR_NAME = AccentColor;
				CODE_SIGN_STYLE = Automatic;
				CURRENT_PROJECT_VERSION = 1;
				DEVELOPMENT_ASSET_PATHS = "\"ios-campus-cw/Preview Content\"";
				ENABLE_PREVIEWS = YES;
				GENERATE_INFOPLIST_FILE = YES;
				INFOPLIST_KEY_UIApplicationSceneManifest_Generation = YES;
				INFOPLIST_KEY_UIApplicationSupportsIndirectInputEvents = YES;
				INFOPLIST_KEY_UILaunchScreen_Generation = YES;
				INFOPLIST_KEY_UISupportedInterfaceOrientations_iPad = "UIInterfaceOrientationPortrait UIInterfaceOrientationPortraitUpsideDown UIInterfaceOrientationLandscapeLeft UIInterfaceOrientationLandscapeRight";
				INFOPLIST_KEY_UISupportedInterfaceOrientations_iPhone = "UIInterfaceOrientationPortrait UIInterfaceOrientationLandscapeLeft UIInterfaceOrientationLandscapeRight";
				LD_RUNPATH_SEARCH_PATHS = (
					"$(inherited)",
					"@executable_path/Frameworks",
				);
				MARKETING_VERSION = 1.0;
				PRODUCT_BUNDLE_IDENTIFIER = "T.ios-campus-cw";
				PRODUCT_NAME = "$(TARGET_NAME)";
				SWIFT_EMIT_LOC_STRINGS = YES;
				SWIFT_VERSION = 5.0;
				TARGETED_DEVICE_FAMILY = "1,2";
			};
			name = Release;
		};
		D5B90CEC2D5DE0E700EAD9D2 /* Debug */ = {
			isa = XCBuildConfiguration;
			buildSettings = {
				ALWAYS_EMBED_SWIFT_STANDARD_LIBRARIES = YES;
				BUNDLE_LOADER = "$(TEST_HOST)";
				CODE_SIGN_STYLE = Automatic;
				CURRENT_PROJECT_VERSION = 1;
				GENERATE_INFOPLIST_FILE = YES;
				IPHONEOS_DEPLOYMENT_TARGET = 16.4;
				MARKETING_VERSION = 1.0;
				PRODUCT_BUNDLE_IDENTIFIER = "T.ios-campus-cwTests";
				PRODUCT_NAME = "$(TARGET_NAME)";
				SWIFT_EMIT_LOC_STRINGS = NO;
				SWIFT_VERSION = 5.0;
				TARGETED_DEVICE_FAMILY = "1,2";
				TEST_HOST = "$(BUILT_PRODUCTS_DIR)/ios-campus-cw.app/$(BUNDLE_EXECUTABLE_FOLDER_PATH)/ios-campus-cw";
			};
			name = Debug;
		};
		D5B90CED2D5DE0E700EAD9D2 /* Release */ = {
			isa = XCBuildConfiguration;
			buildSettings = {
				ALWAYS_EMBED_SWIFT_STANDARD_LIBRARIES = YES;
				BUNDLE_LOADER = "$(TEST_HOST)";
				CODE_SIGN_STYLE = Automatic;
				CURRENT_PROJECT_VERSION = 1;
				GENERATE_INFOPLIST_FILE = YES;
				IPHONEOS_DEPLOYMENT_TARGET = 16.4;
				MARKETING_VERSION = 1.0;
				PRODUCT_BUNDLE_IDENTIFIER = "T.ios-campus-cwTests";
				PRODUCT_NAME = "$(TARGET_NAME)";
				SWIFT_EMIT_LOC_STRINGS = NO;
				SWIFT_VERSION = 5.0;
				TARGETED_DEVICE_FAMILY = "1,2";
				TEST_HOST = "$(BUILT_PRODUCTS_DIR)/ios-campus-cw.app/$(BUNDLE_EXECUTABLE_FOLDER_PATH)/ios-campus-cw";
			};
			name = Release;
		};
		D5B90CEF2D5DE0E700EAD9D2 /* Debug */ = {
			isa = XCBuildConfiguration;
			buildSettings = {
				ALWAYS_EMBED_SWIFT_STANDARD_LIBRARIES = YES;
				CODE_SIGN_STYLE = Automatic;
				CURRENT_PROJECT_VERSION = 1;
				GENERATE_INFOPLIST_FILE = YES;
				MARKETING_VERSION = 1.0;
				PRODUCT_BUNDLE_IDENTIFIER = "T.ios-campus-cwUITests";
				PRODUCT_NAME = "$(TARGET_NAME)";
				SWIFT_EMIT_LOC_STRINGS = NO;
				SWIFT_VERSION = 5.0;
				TARGETED_DEVICE_FAMILY = "1,2";
				TEST_TARGET_NAME = "ios-campus-cw";
			};
			name = Debug;
		};
		D5B90CF02D5DE0E700EAD9D2 /* Release */ = {
			isa = XCBuildConfiguration;
			buildSettings = {
				ALWAYS_EMBED_SWIFT_STANDARD_LIBRARIES = YES;
				CODE_SIGN_STYLE = Automatic;
				CURRENT_PROJECT_VERSION = 1;
				GENERATE_INFOPLIST_FILE = YES;
				MARKETING_VERSION = 1.0;
				PRODUCT_BUNDLE_IDENTIFIER = "T.ios-campus-cwUITests";
				PRODUCT_NAME = "$(TARGET_NAME)";
				SWIFT_EMIT_LOC_STRINGS = NO;
				SWIFT_VERSION = 5.0;
				TARGETED_DEVICE_FAMILY = "1,2";
				TEST_TARGET_NAME = "ios-campus-cw";
			};
			name = Release;
		};
/* End XCBuildConfiguration section */

/* Begin XCConfigurationList section */
		D5B90CBF2D5DE0E100EAD9D2 /* Build configuration list for PBXProject "ios-campus-cw" */ = {
			isa = XCConfigurationList;
			buildConfigurations = (
				D5B90CE62D5DE0E700EAD9D2 /* Debug */,
				D5B90CE72D5DE0E700EAD9D2 /* Release */,
			);
			defaultConfigurationIsVisible = 0;
			defaultConfigurationName = Release;
		};
		D5B90CE82D5DE0E700EAD9D2 /* Build configuration list for PBXNativeTarget "ios-campus-cw" */ = {
			isa = XCConfigurationList;
			buildConfigurations = (
				D5B90CE92D5DE0E700EAD9D2 /* Debug */,
				D5B90CEA2D5DE0E700EAD9D2 /* Release */,
			);
			defaultConfigurationIsVisible = 0;
			defaultConfigurationName = Release;
		};
		D5B90CEB2D5DE0E700EAD9D2 /* Build configuration list for PBXNativeTarget "ios-campus-cwTests" */ = {
			isa = XCConfigurationList;
			buildConfigurations = (
				D5B90CEC2D5DE0E700EAD9D2 /* Debug */,
				D5B90CED2D5DE0E700EAD9D2 /* Release */,
			);
			defaultConfigurationIsVisible = 0;
			defaultConfigurationName = Release;
		};
		D5B90CEE2D5DE0E700EAD9D2 /* Build configuration list for PBXNativeTarget "ios-campus-cwUITests" */ = {
			isa = XCConfigurationList;
			buildConfigurations = (
				D5B90CEF2D5DE0E700EAD9D2 /* Debug */,
				D5B90CF02D5DE0E700EAD9D2 /* Release */,
			);
			defaultConfigurationIsVisible = 0;
			defaultConfigurationName = Release;
		};
/* End XCConfigurationList section */
	};
	rootObject = D5B90CBC2D5DE0E100EAD9D2 /* Project object */;
}
